{
  "name": "tomboddaert.github.io",
  "version": "1.0.0",
  "lockfileVersion": 2,
  "requires": true,
  "packages": {
    "": {
      "name": "tomboddaert.github.io",
      "version": "1.0.0",
      "license": "UNLICENSED",
      "dependencies": {
        "@tom.boddaert/sitetree": "^1.1.4",
        "typescript": "^4.3.5"
      },
      "devDependencies": {}
    },
    "node_modules/@tom.boddaert/sitetree": {
      "version": "1.1.4",
      "resolved": "https://registry.npmjs.org/@tom.boddaert/sitetree/-/sitetree-1.1.4.tgz",
      "integrity": "sha512-f4ATqv5UDts8aKV+6FvrOipuqhHQ5kcBzfTu/wMYRr3o3JFiBCgzv0RgM1XprtpqhQVNvLZ6gXKqLVrhrmQXRw==",
      "dependencies": {
        "html-prettify": "^1.0.3"
      },
      "bin": {
        "stcp": "bin/compile.js"
      }
    },
    "node_modules/html-prettify": {
      "version": "1.0.3",
      "resolved": "https://registry.npmjs.org/html-prettify/-/html-prettify-1.0.3.tgz",
      "integrity": "sha512-tbgHB/cFIAxqDW/wryyGEnd396qOtJIBf4q29kW2jdJy1Q7GYKl1LnoI28cKzMJG9UYZx0RGkUKTRMl0b6YZNg=="
    },
    "node_modules/typescript": {
      "version": "4.3.5",
      "resolved": "https://registry.npmjs.org/typescript/-/typescript-4.3.5.tgz",
      "integrity": "sha512-DqQgihaQ9cUrskJo9kIyW/+g0Vxsk8cDtZ52a3NGh0YNTfpUSArXSohyUGnvbPazEPLu398C0UxmKSOrPumUzA==",
      "bin": {
        "tsc": "bin/tsc",
        "tsserver": "bin/tsserver"
      },
      "engines": {
        "node": ">=4.2.0"
      }
    }
  },
  "dependencies": {
    "@tom.boddaert/sitetree": {
      "version": "1.1.4",
      "resolved": "https://registry.npmjs.org/@tom.boddaert/sitetree/-/sitetree-1.1.4.tgz",
      "integrity": "sha512-f4ATqv5UDts8aKV+6FvrOipuqhHQ5kcBzfTu/wMYRr3o3JFiBCgzv0RgM1XprtpqhQVNvLZ6gXKqLVrhrmQXRw==",
      "requires": {
        "html-prettify": "^1.0.3"
      }
    },
    "html-prettify": {
      "version": "1.0.3",
      "resolved": "https://registry.npmjs.org/html-prettify/-/html-prettify-1.0.3.tgz",
      "integrity": "sha512-tbgHB/cFIAxqDW/wryyGEnd396qOtJIBf4q29kW2jdJy1Q7GYKl1LnoI28cKzMJG9UYZx0RGkUKTRMl0b6YZNg=="
    },
    "typescript": {
      "version": "4.3.5",
      "resolved": "https://registry.npmjs.org/typescript/-/typescript-4.3.5.tgz",
      "integrity": "sha512-DqQgihaQ9cUrskJo9kIyW/+g0Vxsk8cDtZ52a3NGh0YNTfpUSArXSohyUGnvbPazEPLu398C0UxmKSOrPumUzA=="
    }
  }
}
